
Microsoft Visual Studio Solution File, Format Version 12.00
# Visual Studio Version 16
VisualStudioVersion = 16.0.29519.181
MinimumVisualStudioVersion = 10.0.40219.1
Project("{FAE04EC0-301F-11D3-BF4B-00C04F79EFBC}") = "Lively.PlayerCefSharp", "Lively.PlayerCefSharp\Lively.PlayerCefSharp.csproj", "{468EA9A1-B17F-4BA0-B014-64FE6EC3019B}"
EndProject
Global
	GlobalSection(SolutionConfigurationPlatforms) = preSolution
		Debug|Any CPU = Debug|Any CPU
		Debug|x64 = Debug|x64
		Debug|x86 = Debug|x86
		Release|Any CPU = Release|Any CPU
		Release|x64 = Release|x64
		Release|x86 = Release|x86
	EndGlobalSection
	GlobalSection(ProjectConfigurationPlatforms) = postSolution
		{468EA9A1-B17F-4BA0-B014-64FE6EC3019B}.Debug|Any CPU.ActiveCfg = Debug|Any CPU
		{468EA9A1-B17F-4BA0-B014-64FE6EC3019B}.Debug|Any CPU.Build.0 = Debug|Any CPU
		{468EA9A1-B17F-4BA0-B014-64FE6EC3019B}.Debug|x64.ActiveCfg = Debug|Any CPU
		{468EA9A1-B17F-4BA0-B014-64FE6EC3019B}.Debug|x64.Build.0 = Debug|Any CPU
		{468EA9A1-B17F-4BA0-B014-64FE6EC3019B}.Debug|x86.ActiveCfg = Debug|Any CPU
		{468EA9A1-B17F-4BA0-B014-64FE6EC3019B}.Debug|x86.Build.0 = Debug|Any CPU
		{468EA9A1-B17F-4BA0-B014-64FE6EC3019B}.Release|Any CPU.ActiveCfg = Release|Any CPU
		{468EA9A1-B17F-4BA0-B014-64FE6EC3019B}.Release|Any CPU.Build.0 = Release|Any CPU
		{468EA9A1-B17F-4BA0-B014-64FE6EC3019B}.Release|x64.ActiveCfg = Release|Any CPU
		{468EA9A1-B17F-4BA0-B014-64FE6EC3019B}.Release|x64.Build.0 = Release|Any CPU
		{468EA9A1-B17F-4BA0-B014-64FE6EC3019B}.Release|x86.ActiveCfg = Release|x86
		{468EA9A1-B17F-4BA0-B014-64FE6EC3019B}.Release|x86.Build.0 = Release|x86
	EndGlobalSection
	GlobalSection(SolutionProperties) = preSolution
		HideSolutionNode = FALSE
	EndGlobalSection
	GlobalSection(ExtensibilityGlobals) = postSolution
		SolutionGuid = {693D9B0C-AACD-42FF-820F-E2024F63DB3B}
	EndGlobalSection
EndGlobal
